
Microsoft Visual Studio Solution File, Format Version 12.00
# Visual Studio Version 17
VisualStudioVersion = 17.10.35004.147
MinimumVisualStudioVersion = 10.0.40219.1
Project("{FAE04EC0-301F-11D3-BF4B-00C04F79EFBC}") = "Task.API", "Task.API\Task.API.csproj", "{09AA7464-471C-42F8-8B44-EACBBD21BCEB}"
EndProject
Project("{FAE04EC0-301F-11D3-BF4B-00C04F79EFBC}") = "Task.Data", "Task.Data\Task.Data.csproj", "{D43538CB-7681-4BE3-879F-389C4AC7CA59}"
EndProject
Project("{FAE04EC0-301F-11D3-BF4B-00C04F79EFBC}") = "Task.Services", "Task.Services\Task.Services.csproj", "{1E3A9C8E-4A24-400E-8211-257CCAB2E454}"
EndProject
Global
	GlobalSection(SolutionConfigurationPlatforms) = preSolution
		Debug|Any CPU = Debug|Any CPU
		Release|Any CPU = Release|Any CPU
	EndGlobalSection
	GlobalSection(ProjectConfigurationPlatforms) = postSolution
		{09AA7464-471C-42F8-8B44-EACBBD21BCEB}.Debug|Any CPU.ActiveCfg = Debug|Any CPU
		{09AA7464-471C-42F8-8B44-EACBBD21BCEB}.Debug|Any CPU.Build.0 = Debug|Any CPU
		{09AA7464-471C-42F8-8B44-EACBBD21BCEB}.Release|Any CPU.ActiveCfg = Release|Any CPU
		{09AA7464-471C-42F8-8B44-EACBBD21BCEB}.Release|Any CPU.Build.0 = Release|Any CPU
		{D43538CB-7681-4BE3-879F-389C4AC7CA59}.Debug|Any CPU.ActiveCfg = Debug|Any CPU
		{D43538CB-7681-4BE3-879F-389C4AC7CA59}.Debug|Any CPU.Build.0 = Debug|Any CPU
		{D43538CB-7681-4BE3-879F-389C4AC7CA59}.Release|Any CPU.ActiveCfg = Release|Any CPU
		{D43538CB-7681-4BE3-879F-389C4AC7CA59}.Release|Any CPU.Build.0 = Release|Any CPU
		{1E3A9C8E-4A24-400E-8211-257CCAB2E454}.Debug|Any CPU.ActiveCfg = Debug|Any CPU
		{1E3A9C8E-4A24-400E-8211-257CCAB2E454}.Debug|Any CPU.Build.0 = Debug|Any CPU
		{1E3A9C8E-4A24-400E-8211-257CCAB2E454}.Release|Any CPU.ActiveCfg = Release|Any CPU
		{1E3A9C8E-4A24-400E-8211-257CCAB2E454}.Release|Any CPU.Build.0 = Release|Any CPU
	EndGlobalSection
	GlobalSection(SolutionProperties) = preSolution
		HideSolutionNode = FALSE
	EndGlobalSection
	GlobalSection(ExtensibilityGlobals) = postSolution
		SolutionGuid = {D614CD73-AD31-4C70-B8FA-E91A8DF2B42C}
	EndGlobalSection
EndGlobal
